{
    "name": "mygame",
    "version": "0.0.0",
    "lockfileVersion": 1,
    "requires": true,
    "dependencies": {
        "excalibur": {
            "version": "0.21.0",
            "resolved": "https://registry.npmjs.org/excalibur/-/excalibur-0.21.0.tgz",
            "integrity": "sha512-/+5jDqLbZG82eMV23c8j6UaNwSVJVb33GCUSGntZVlZ5XAQkfD/m3CRsS1BhCdVHm2KZV9MBFc0+ozaQQbAufA=="
        },
        "typescript": {
            "version": "3.3.3",
            "resolved": "https://registry.npmjs.org/typescript/-/typescript-3.3.3.tgz",
            "integrity": "sha512-Y21Xqe54TBVp+VDSNbuDYdGw0BpoR/Q6wo/+35M8PAU0vipahnyduJWirxxdxjsAkS7hue53x2zp8gz7F05u0A==",
            "dev": true
        }
    }
}
